
Microsoft Visual Studio Solution File, Format Version 12.00
# Visual Studio Version 17
VisualStudioVersion = 17.7.34221.43
MinimumVisualStudioVersion = 10.0.40219.1
Project("{8BC9CEB8-8B4A-11D0-8D11-00A0C91BC942}") = "ООП", "ООП\ООП.vcxproj", "{4D16C249-F019-4EC9-A917-BA94EFB53F60}"
EndProject
Project("{8BC9CEB8-8B4A-11D0-8D11-00A0C91BC942}") = "3_1", "3_1\3_1.vcxproj", "{97F50677-71BC-48F8-B242-4D984A6495BF}"
EndProject
Project("{8BC9CEB8-8B4A-11D0-8D11-00A0C91BC942}") = "3_3", "3_4\3_4.vcxproj", "{6D619682-4856-4122-AE3B-838A56B5496F}"
EndProject
Project("{8BC9CEB8-8B4A-11D0-8D11-00A0C91BC942}") = "3._2", "3._2\3._2.vcxproj", "{321CE7C2-3CE4-4E4D-B165-552A5919E9DA}"
EndProject
Project("{8BC9CEB8-8B4A-11D0-8D11-00A0C91BC942}") = "5_1.1", "5_1.1\5_1.1.vcxproj", "{88F6B75A-DF17-40A9-8E7F-79A85E155564}"
EndProject
Project("{8BC9CEB8-8B4A-11D0-8D11-00A0C91BC942}") = "5_1.3", "5_2.1\5_2.1.vcxproj", "{EA8F014D-CC38-48C6-AE29-30EF1AF1ACC2}"
EndProject
Project("{8BC9CEB8-8B4A-11D0-8D11-00A0C91BC942}") = "5_2_1", "5_2_1\5_2_1.vcxproj", "{F0029411-519D-4D2B-8EA1-B87706CD577F}"
EndProject
Project("{8BC9CEB8-8B4A-11D0-8D11-00A0C91BC942}") = "5_2.2_1", "5_2.2_1\5_2.2_1.vcxproj", "{F8185EC6-9DE3-45BD-B765-2BCB81AA6FA8}"
EndProject
Project("{8BC9CEB8-8B4A-11D0-8D11-00A0C91BC942}") = "5_2_2.2", "5_2_2.2\5_2_2.2.vcxproj", "{69B9C3C3-B044-46DE-906B-5F11F9F25358}"
EndProject
Project("{8BC9CEB8-8B4A-11D0-8D11-00A0C91BC942}") = "4_1.1", "4_1.1\4_1.1.vcxproj", "{7F679EED-14ED-4B37-BDF3-32B9FEB964A2}"
EndProject
Project("{8BC9CEB8-8B4A-11D0-8D11-00A0C91BC942}") = "4_2", "4_2\4_2.vcxproj", "{8249AAFD-94BD-4DFD-961E-6435C2501A99}"
EndProject
Project("{8BC9CEB8-8B4A-11D0-8D11-00A0C91BC942}") = "4-3", "4-3\4-3.vcxproj", "{4FB2B8B2-C142-4B6B-B494-07D7FFD07F37}"
EndProject
Project("{8BC9CEB8-8B4A-11D0-8D11-00A0C91BC942}") = "4_vector", "4_vector\4_vector.vcxproj", "{D53E3C49-9991-43C7-B395-CB0D15BA8D99}"
EndProject
Project("{8BC9CEB8-8B4A-11D0-8D11-00A0C91BC942}") = "5_3._2.4", "5_3._2.4\5_3._2.4.vcxproj", "{B815C6DF-6CB7-4F45-8B06-61C3FA253FF7}"
EndProject
Project("{8BC9CEB8-8B4A-11D0-8D11-00A0C91BC942}") = "5_3.2_6", "5_3.2_6\5_3.2_6.vcxproj", "{AC33C8A6-4B2B-4930-91D2-622F6E089965}"
EndProject
Project("{8BC9CEB8-8B4A-11D0-8D11-00A0C91BC942}") = "5_1.2", "5_1.2\5_1.2.vcxproj", "{2ACB12EA-7852-4DD7-9381-842532081224}"
EndProject
Project("{8BC9CEB8-8B4A-11D0-8D11-00A0C91BC942}") = "4-4", "4-4\4-4.vcxproj", "{FD4A7FF7-2AFC-405D-8E2A-7A7200971B14}"
EndProject
Project("{8BC9CEB8-8B4A-11D0-8D11-00A0C91BC942}") = "6_1", "6_1\6_1.vcxproj", "{B2A87551-8578-4AD9-AB44-F714BE92CD28}"
EndProject
Project("{8BC9CEB8-8B4A-11D0-8D11-00A0C91BC942}") = "4_5", "4_5\4_5.vcxproj", "{2F7ED5AE-CE45-416F-B3BB-A6727BF33AE6}"
EndProject
Project("{8BC9CEB8-8B4A-11D0-8D11-00A0C91BC942}") = "3_4.4", "3_4.4\3_4.4.vcxproj", "{350A3F3B-52AE-4CCD-BEAF-31B4821B4552}"
EndProject
Global
	GlobalSection(SolutionConfigurationPlatforms) = preSolution
		Debug|x64 = Debug|x64
		Debug|x86 = Debug|x86
		Release|x64 = Release|x64
		Release|x86 = Release|x86
	EndGlobalSection
	GlobalSection(ProjectConfigurationPlatforms) = postSolution
		{4D16C249-F019-4EC9-A917-BA94EFB53F60}.Debug|x64.ActiveCfg = Debug|x64
		{4D16C249-F019-4EC9-A917-BA94EFB53F60}.Debug|x64.Build.0 = Debug|x64
		{4D16C249-F019-4EC9-A917-BA94EFB53F60}.Debug|x86.ActiveCfg = Debug|Win32
		{4D16C249-F019-4EC9-A917-BA94EFB53F60}.Debug|x86.Build.0 = Debug|Win32
		{4D16C249-F019-4EC9-A917-BA94EFB53F60}.Release|x64.ActiveCfg = Release|x64
		{4D16C249-F019-4EC9-A917-BA94EFB53F60}.Release|x64.Build.0 = Release|x64
		{4D16C249-F019-4EC9-A917-BA94EFB53F60}.Release|x86.ActiveCfg = Release|Win32
		{4D16C249-F019-4EC9-A917-BA94EFB53F60}.Release|x86.Build.0 = Release|Win32
		{97F50677-71BC-48F8-B242-4D984A6495BF}.Debug|x64.ActiveCfg = Debug|x64
		{97F50677-71BC-48F8-B242-4D984A6495BF}.Debug|x64.Build.0 = Debug|x64
		{97F50677-71BC-48F8-B242-4D984A6495BF}.Debug|x86.ActiveCfg = Debug|Win32
		{97F50677-71BC-48F8-B242-4D984A6495BF}.Debug|x86.Build.0 = Debug|Win32
		{97F50677-71BC-48F8-B242-4D984A6495BF}.Release|x64.ActiveCfg = Release|x64
		{97F50677-71BC-48F8-B242-4D984A6495BF}.Release|x64.Build.0 = Release|x64
		{97F50677-71BC-48F8-B242-4D984A6495BF}.Release|x86.ActiveCfg = Release|Win32
		{97F50677-71BC-48F8-B242-4D984A6495BF}.Release|x86.Build.0 = Release|Win32
		{6D619682-4856-4122-AE3B-838A56B5496F}.Debug|x64.ActiveCfg = Debug|x64
		{6D619682-4856-4122-AE3B-838A56B5496F}.Debug|x64.Build.0 = Debug|x64
		{6D619682-4856-4122-AE3B-838A56B5496F}.Debug|x86.ActiveCfg = Debug|Win32
		{6D619682-4856-4122-AE3B-838A56B5496F}.Debug|x86.Build.0 = Debug|Win32
		{6D619682-4856-4122-AE3B-838A56B5496F}.Release|x64.ActiveCfg = Release|x64
		{6D619682-4856-4122-AE3B-838A56B5496F}.Release|x64.Build.0 = Release|x64
		{6D619682-4856-4122-AE3B-838A56B5496F}.Release|x86.ActiveCfg = Release|Win32
		{6D619682-4856-4122-AE3B-838A56B5496F}.Release|x86.Build.0 = Release|Win32
		{321CE7C2-3CE4-4E4D-B165-552A5919E9DA}.Debug|x64.ActiveCfg = Debug|x64
		{321CE7C2-3CE4-4E4D-B165-552A5919E9DA}.Debug|x64.Build.0 = Debug|x64
		{321CE7C2-3CE4-4E4D-B165-552A5919E9DA}.Debug|x86.ActiveCfg = Debug|Win32
		{321CE7C2-3CE4-4E4D-B165-552A5919E9DA}.Debug|x86.Build.0 = Debug|Win32
		{321CE7C2-3CE4-4E4D-B165-552A5919E9DA}.Release|x64.ActiveCfg = Release|x64
		{321CE7C2-3CE4-4E4D-B165-552A5919E9DA}.Release|x64.Build.0 = Release|x64
		{321CE7C2-3CE4-4E4D-B165-552A5919E9DA}.Release|x86.ActiveCfg = Release|Win32
		{321CE7C2-3CE4-4E4D-B165-552A5919E9DA}.Release|x86.Build.0 = Release|Win32
		{88F6B75A-DF17-40A9-8E7F-79A85E155564}.Debug|x64.ActiveCfg = Debug|x64
		{88F6B75A-DF17-40A9-8E7F-79A85E155564}.Debug|x64.Build.0 = Debug|x64
		{88F6B75A-DF17-40A9-8E7F-79A85E155564}.Debug|x86.ActiveCfg = Debug|Win32
		{88F6B75A-DF17-40A9-8E7F-79A85E155564}.Debug|x86.Build.0 = Debug|Win32
		{88F6B75A-DF17-40A9-8E7F-79A85E155564}.Release|x64.ActiveCfg = Release|x64
		{88F6B75A-DF17-40A9-8E7F-79A85E155564}.Release|x64.Build.0 = Release|x64
		{88F6B75A-DF17-40A9-8E7F-79A85E155564}.Release|x86.ActiveCfg = Release|Win32
		{88F6B75A-DF17-40A9-8E7F-79A85E155564}.Release|x86.Build.0 = Release|Win32
		{EA8F014D-CC38-48C6-AE29-30EF1AF1ACC2}.Debug|x64.ActiveCfg = Debug|x64
		{EA8F014D-CC38-48C6-AE29-30EF1AF1ACC2}.Debug|x64.Build.0 = Debug|x64
		{EA8F014D-CC38-48C6-AE29-30EF1AF1ACC2}.Debug|x86.ActiveCfg = Debug|Win32
		{EA8F014D-CC38-48C6-AE29-30EF1AF1ACC2}.Debug|x86.Build.0 = Debug|Win32
		{EA8F014D-CC38-48C6-AE29-30EF1AF1ACC2}.Release|x64.ActiveCfg = Release|x64
		{EA8F014D-CC38-48C6-AE29-30EF1AF1ACC2}.Release|x64.Build.0 = Release|x64
		{EA8F014D-CC38-48C6-AE29-30EF1AF1ACC2}.Release|x86.ActiveCfg = Release|Win32
		{EA8F014D-CC38-48C6-AE29-30EF1AF1ACC2}.Release|x86.Build.0 = Release|Win32
		{F0029411-519D-4D2B-8EA1-B87706CD577F}.Debug|x64.ActiveCfg = Debug|x64
		{F0029411-519D-4D2B-8EA1-B87706CD577F}.Debug|x64.Build.0 = Debug|x64
		{F0029411-519D-4D2B-8EA1-B87706CD577F}.Debug|x86.ActiveCfg = Debug|Win32
		{F0029411-519D-4D2B-8EA1-B87706CD577F}.Debug|x86.Build.0 = Debug|Win32
		{F0029411-519D-4D2B-8EA1-B87706CD577F}.Release|x64.ActiveCfg = Release|x64
		{F0029411-519D-4D2B-8EA1-B87706CD577F}.Release|x64.Build.0 = Release|x64
		{F0029411-519D-4D2B-8EA1-B87706CD577F}.Release|x86.ActiveCfg = Release|Win32
		{F0029411-519D-4D2B-8EA1-B87706CD577F}.Release|x86.Build.0 = Release|Win32
		{F8185EC6-9DE3-45BD-B765-2BCB81AA6FA8}.Debug|x64.ActiveCfg = Debug|x64
		{F8185EC6-9DE3-45BD-B765-2BCB81AA6FA8}.Debug|x64.Build.0 = Debug|x64
		{F8185EC6-9DE3-45BD-B765-2BCB81AA6FA8}.Debug|x86.ActiveCfg = Debug|Win32
		{F8185EC6-9DE3-45BD-B765-2BCB81AA6FA8}.Debug|x86.Build.0 = Debug|Win32
		{F8185EC6-9DE3-45BD-B765-2BCB81AA6FA8}.Release|x64.ActiveCfg = Release|x64
		{F8185EC6-9DE3-45BD-B765-2BCB81AA6FA8}.Release|x64.Build.0 = Release|x64
		{F8185EC6-9DE3-45BD-B765-2BCB81AA6FA8}.Release|x86.ActiveCfg = Release|Win32
		{F8185EC6-9DE3-45BD-B765-2BCB81AA6FA8}.Release|x86.Build.0 = Release|Win32
		{69B9C3C3-B044-46DE-906B-5F11F9F25358}.Debug|x64.ActiveCfg = Debug|x64
		{69B9C3C3-B044-46DE-906B-5F11F9F25358}.Debug|x64.Build.0 = Debug|x64
		{69B9C3C3-B044-46DE-906B-5F11F9F25358}.Debug|x86.ActiveCfg = Debug|Win32
		{69B9C3C3-B044-46DE-906B-5F11F9F25358}.Debug|x86.Build.0 = Debug|Win32
		{69B9C3C3-B044-46DE-906B-5F11F9F25358}.Release|x64.ActiveCfg = Release|x64
		{69B9C3C3-B044-46DE-906B-5F11F9F25358}.Release|x64.Build.0 = Release|x64
		{69B9C3C3-B044-46DE-906B-5F11F9F25358}.Release|x86.ActiveCfg = Release|Win32
		{69B9C3C3-B044-46DE-906B-5F11F9F25358}.Release|x86.Build.0 = Release|Win32
		{7F679EED-14ED-4B37-BDF3-32B9FEB964A2}.Debug|x64.ActiveCfg = Debug|x64
		{7F679EED-14ED-4B37-BDF3-32B9FEB964A2}.Debug|x64.Build.0 = Debug|x64
		{7F679EED-14ED-4B37-BDF3-32B9FEB964A2}.Debug|x86.ActiveCfg = Debug|Win32
		{7F679EED-14ED-4B37-BDF3-32B9FEB964A2}.Debug|x86.Build.0 = Debug|Win32
		{7F679EED-14ED-4B37-BDF3-32B9FEB964A2}.Release|x64.ActiveCfg = Release|x64
		{7F679EED-14ED-4B37-BDF3-32B9FEB964A2}.Release|x64.Build.0 = Release|x64
		{7F679EED-14ED-4B37-BDF3-32B9FEB964A2}.Release|x86.ActiveCfg = Release|Win32
		{7F679EED-14ED-4B37-BDF3-32B9FEB964A2}.Release|x86.Build.0 = Release|Win32
		{8249AAFD-94BD-4DFD-961E-6435C2501A99}.Debug|x64.ActiveCfg = Debug|x64
		{8249AAFD-94BD-4DFD-961E-6435C2501A99}.Debug|x64.Build.0 = Debug|x64
		{8249AAFD-94BD-4DFD-961E-6435C2501A99}.Debug|x86.ActiveCfg = Debug|Win32
		{8249AAFD-94BD-4DFD-961E-6435C2501A99}.Debug|x86.Build.0 = Debug|Win32
		{8249AAFD-94BD-4DFD-961E-6435C2501A99}.Release|x64.ActiveCfg = Release|x64
		{8249AAFD-94BD-4DFD-961E-6435C2501A99}.Release|x64.Build.0 = Release|x64
		{8249AAFD-94BD-4DFD-961E-6435C2501A99}.Release|x86.ActiveCfg = Release|Win32
		{8249AAFD-94BD-4DFD-961E-6435C2501A99}.Release|x86.Build.0 = Release|Win32
		{4FB2B8B2-C142-4B6B-B494-07D7FFD07F37}.Debug|x64.ActiveCfg = Debug|x64
		{4FB2B8B2-C142-4B6B-B494-07D7FFD07F37}.Debug|x64.Build.0 = Debug|x64
		{4FB2B8B2-C142-4B6B-B494-07D7FFD07F37}.Debug|x86.ActiveCfg = Debug|Win32
		{4FB2B8B2-C142-4B6B-B494-07D7FFD07F37}.Debug|x86.Build.0 = Debug|Win32
		{4FB2B8B2-C142-4B6B-B494-07D7FFD07F37}.Release|x64.ActiveCfg = Release|x64
		{4FB2B8B2-C142-4B6B-B494-07D7FFD07F37}.Release|x64.Build.0 = Release|x64
		{4FB2B8B2-C142-4B6B-B494-07D7FFD07F37}.Release|x86.ActiveCfg = Release|Win32
		{4FB2B8B2-C142-4B6B-B494-07D7FFD07F37}.Release|x86.Build.0 = Release|Win32
		{D53E3C49-9991-43C7-B395-CB0D15BA8D99}.Debug|x64.ActiveCfg = Debug|x64
		{D53E3C49-9991-43C7-B395-CB0D15BA8D99}.Debug|x64.Build.0 = Debug|x64
		{D53E3C49-9991-43C7-B395-CB0D15BA8D99}.Debug|x86.ActiveCfg = Debug|Win32
		{D53E3C49-9991-43C7-B395-CB0D15BA8D99}.Debug|x86.Build.0 = Debug|Win32
		{D53E3C49-9991-43C7-B395-CB0D15BA8D99}.Release|x64.ActiveCfg = Release|x64
		{D53E3C49-9991-43C7-B395-CB0D15BA8D99}.Release|x64.Build.0 = Release|x64
		{D53E3C49-9991-43C7-B395-CB0D15BA8D99}.Release|x86.ActiveCfg = Release|Win32
		{D53E3C49-9991-43C7-B395-CB0D15BA8D99}.Release|x86.Build.0 = Release|Win32
		{B815C6DF-6CB7-4F45-8B06-61C3FA253FF7}.Debug|x64.ActiveCfg = Debug|x64
		{B815C6DF-6CB7-4F45-8B06-61C3FA253FF7}.Debug|x64.Build.0 = Debug|x64
		{B815C6DF-6CB7-4F45-8B06-61C3FA253FF7}.Debug|x86.ActiveCfg = Debug|Win32
		{B815C6DF-6CB7-4F45-8B06-61C3FA253FF7}.Debug|x86.Build.0 = Debug|Win32
		{B815C6DF-6CB7-4F45-8B06-61C3FA253FF7}.Release|x64.ActiveCfg = Release|x64
		{B815C6DF-6CB7-4F45-8B06-61C3FA253FF7}.Release|x64.Build.0 = Release|x64
		{B815C6DF-6CB7-4F45-8B06-61C3FA253FF7}.Release|x86.ActiveCfg = Release|Win32
		{B815C6DF-6CB7-4F45-8B06-61C3FA253FF7}.Release|x86.Build.0 = Release|Win32
		{AC33C8A6-4B2B-4930-91D2-622F6E089965}.Debug|x64.ActiveCfg = Debug|x64
		{AC33C8A6-4B2B-4930-91D2-622F6E089965}.Debug|x64.Build.0 = Debug|x64
		{AC33C8A6-4B2B-4930-91D2-622F6E089965}.Debug|x86.ActiveCfg = Debug|Win32
		{AC33C8A6-4B2B-4930-91D2-622F6E089965}.Debug|x86.Build.0 = Debug|Win32
		{AC33C8A6-4B2B-4930-91D2-622F6E089965}.Release|x64.ActiveCfg = Release|x64
		{AC33C8A6-4B2B-4930-91D2-622F6E089965}.Release|x64.Build.0 = Release|x64
		{AC33C8A6-4B2B-4930-91D2-622F6E089965}.Release|x86.ActiveCfg = Release|Win32
		{AC33C8A6-4B2B-4930-91D2-622F6E089965}.Release|x86.Build.0 = Release|Win32
		{2ACB12EA-7852-4DD7-9381-842532081224}.Debug|x64.ActiveCfg = Debug|x64
		{2ACB12EA-7852-4DD7-9381-842532081224}.Debug|x64.Build.0 = Debug|x64
		{2ACB12EA-7852-4DD7-9381-842532081224}.Debug|x86.ActiveCfg = Debug|Win32
		{2ACB12EA-7852-4DD7-9381-842532081224}.Debug|x86.Build.0 = Debug|Win32
		{2ACB12EA-7852-4DD7-9381-842532081224}.Release|x64.ActiveCfg = Release|x64
		{2ACB12EA-7852-4DD7-9381-842532081224}.Release|x64.Build.0 = Release|x64
		{2ACB12EA-7852-4DD7-9381-842532081224}.Release|x86.ActiveCfg = Release|Win32
		{2ACB12EA-7852-4DD7-9381-842532081224}.Release|x86.Build.0 = Release|Win32
		{FD4A7FF7-2AFC-405D-8E2A-7A7200971B14}.Debug|x64.ActiveCfg = Debug|x64
		{FD4A7FF7-2AFC-405D-8E2A-7A7200971B14}.Debug|x64.Build.0 = Debug|x64
		{FD4A7FF7-2AFC-405D-8E2A-7A7200971B14}.Debug|x86.ActiveCfg = Debug|Win32
		{FD4A7FF7-2AFC-405D-8E2A-7A7200971B14}.Debug|x86.Build.0 = Debug|Win32
		{FD4A7FF7-2AFC-405D-8E2A-7A7200971B14}.Release|x64.ActiveCfg = Release|x64
		{FD4A7FF7-2AFC-405D-8E2A-7A7200971B14}.Release|x64.Build.0 = Release|x64
		{FD4A7FF7-2AFC-405D-8E2A-7A7200971B14}.Release|x86.ActiveCfg = Release|Win32
		{FD4A7FF7-2AFC-405D-8E2A-7A7200971B14}.Release|x86.Build.0 = Release|Win32
		{B2A87551-8578-4AD9-AB44-F714BE92CD28}.Debug|x64.ActiveCfg = Debug|x64
		{B2A87551-8578-4AD9-AB44-F714BE92CD28}.Debug|x64.Build.0 = Debug|x64
		{B2A87551-8578-4AD9-AB44-F714BE92CD28}.Debug|x86.ActiveCfg = Debug|Win32
		{B2A87551-8578-4AD9-AB44-F714BE92CD28}.Debug|x86.Build.0 = Debug|Win32
		{B2A87551-8578-4AD9-AB44-F714BE92CD28}.Release|x64.ActiveCfg = Release|x64
		{B2A87551-8578-4AD9-AB44-F714BE92CD28}.Release|x64.Build.0 = Release|x64
		{B2A87551-8578-4AD9-AB44-F714BE92CD28}.Release|x86.ActiveCfg = Release|Win32
		{B2A87551-8578-4AD9-AB44-F714BE92CD28}.Release|x86.Build.0 = Release|Win32
		{2F7ED5AE-CE45-416F-B3BB-A6727BF33AE6}.Debug|x64.ActiveCfg = Debug|x64
		{2F7ED5AE-CE45-416F-B3BB-A6727BF33AE6}.Debug|x64.Build.0 = Debug|x64
		{2F7ED5AE-CE45-416F-B3BB-A6727BF33AE6}.Debug|x86.ActiveCfg = Debug|Win32
		{2F7ED5AE-CE45-416F-B3BB-A6727BF33AE6}.Debug|x86.Build.0 = Debug|Win32
		{2F7ED5AE-CE45-416F-B3BB-A6727BF33AE6}.Release|x64.ActiveCfg = Release|x64
		{2F7ED5AE-CE45-416F-B3BB-A6727BF33AE6}.Release|x64.Build.0 = Release|x64
		{2F7ED5AE-CE45-416F-B3BB-A6727BF33AE6}.Release|x86.ActiveCfg = Release|Win32
		{2F7ED5AE-CE45-416F-B3BB-A6727BF33AE6}.Release|x86.Build.0 = Release|Win32
		{350A3F3B-52AE-4CCD-BEAF-31B4821B4552}.Debug|x64.ActiveCfg = Debug|x64
		{350A3F3B-52AE-4CCD-BEAF-31B4821B4552}.Debug|x64.Build.0 = Debug|x64
		{350A3F3B-52AE-4CCD-BEAF-31B4821B4552}.Debug|x86.ActiveCfg = Debug|Win32
		{350A3F3B-52AE-4CCD-BEAF-31B4821B4552}.Debug|x86.Build.0 = Debug|Win32
		{350A3F3B-52AE-4CCD-BEAF-31B4821B4552}.Release|x64.ActiveCfg = Release|x64
		{350A3F3B-52AE-4CCD-BEAF-31B4821B4552}.Release|x64.Build.0 = Release|x64
		{350A3F3B-52AE-4CCD-BEAF-31B4821B4552}.Release|x86.ActiveCfg = Release|Win32
		{350A3F3B-52AE-4CCD-BEAF-31B4821B4552}.Release|x86.Build.0 = Release|Win32
	EndGlobalSection
	GlobalSection(SolutionProperties) = preSolution
		HideSolutionNode = FALSE
	EndGlobalSection
	GlobalSection(ExtensibilityGlobals) = postSolution
		SolutionGuid = {B42B8213-CB55-4697-B986-DE2998BF31E2}
	EndGlobalSection
EndGlobal
